
Microsoft Visual Studio Solution File, Format Version 12.00
# Visual Studio Version 16
VisualStudioVersion = 16.0.30406.217
MinimumVisualStudioVersion = 10.0.40219.1
Project("{9A19103F-16F7-4668-BE54-9A1E7A4F7556}") = "WebFacture", "WebFacture\WebFacture.csproj", "{820ABE9B-76DD-4511-9D00-A771401F7247}"
EndProject
Project("{2150E333-8FDC-42A3-9474-1A3956D46DE8}") = "1. layers", "1. layers", "{FF8D4E8F-0876-426D-9B1C-2982CD0495EE}"
EndProject
Project("{2150E333-8FDC-42A3-9474-1A3956D46DE8}") = "Services distribuidos", "Services distribuidos", "{369C1DC7-98FD-4E1D-8D94-99617A468448}"
EndProject
Project("{2150E333-8FDC-42A3-9474-1A3956D46DE8}") = "1.2 Aplication", "1.2 Aplication", "{A7CC3FA4-FE1D-460A-A5CC-E561919E68E5}"
EndProject
Project("{9A19103F-16F7-4668-BE54-9A1E7A4F7556}") = "Facture.Aplication", "Facture.Aplication\Facture.Aplication.csproj", "{ECC9C7E8-94BF-4253-82B3-EAC000C8054E}"
EndProject
Project("{9A19103F-16F7-4668-BE54-9A1E7A4F7556}") = "Facture.Aplication.Contract", "Facture.Aplication.Contract\Facture.Aplication.Contract.csproj", "{87B5215E-7CE6-4111-BB64-A6EA5BE37716}"
EndProject
Project("{2150E333-8FDC-42A3-9474-1A3956D46DE8}") = "1.3 Buisness", "1.3 Buisness", "{C0E9B483-83A3-41BB-A43F-9F4C080FD6D6}"
EndProject
Project("{9A19103F-16F7-4668-BE54-9A1E7A4F7556}") = "Facture.Aplication.Buisness", "Facture.Aplication.Buisness\Facture.Aplication.Buisness.csproj", "{A624C531-8E6D-43E9-9842-0EFC5F1BF18E}"
EndProject
Project("{2150E333-8FDC-42A3-9474-1A3956D46DE8}") = "1.4 DataAccess", "1.4 DataAccess", "{E577DE19-DCF2-40EA-9E2A-471F82466013}"
EndProject
Project("{9A19103F-16F7-4668-BE54-9A1E7A4F7556}") = "Facture.Aplication.DataAccess", "Facture.Aplication.DataAccess\Facture.Aplication.DataAccess.csproj", "{3AD209E7-33C2-42A1-82D7-A5524CB6B942}"
EndProject
Project("{9A19103F-16F7-4668-BE54-9A1E7A4F7556}") = "Facture.Aplication.DataAccess.Contract", "Facture.Aplication.DataAccess.Contract\Facture.Aplication.DataAccess.Contract.csproj", "{68046975-2D4E-4B5F-937E-0873FBEBE86F}"
EndProject
Project("{2150E333-8FDC-42A3-9474-1A3956D46DE8}") = "1.5 Cross-Cuttling", "1.5 Cross-Cuttling", "{EF03226C-2361-4ADF-AED6-36D0461BAC08}"
EndProject
Project("{9A19103F-16F7-4668-BE54-9A1E7A4F7556}") = "Facture.Aplication.CrossCutting", "Facture.Aplication.CrossCutting\Facture.Aplication.CrossCutting.csproj", "{A884BD52-871B-4AE3-951B-47E40D3AAD5D}"
EndProject
Project("{2150E333-8FDC-42A3-9474-1A3956D46DE8}") = "1.6 WebAplication", "1.6 WebAplication", "{E7655DC2-2176-4378-8B31-2371251E36B3}"
EndProject
Project("{FAE04EC0-301F-11D3-BF4B-00C04F79EFBC}") = "WebAplication.WebFacture", "WebAplication.WebFacture\WebAplication.WebFacture.csproj", "{BAFA313A-C010-4D15-A088-55555492D61F}"
EndProject
Global
	GlobalSection(SolutionConfigurationPlatforms) = preSolution
		Debug|Any CPU = Debug|Any CPU
		Release|Any CPU = Release|Any CPU
	EndGlobalSection
	GlobalSection(ProjectConfigurationPlatforms) = postSolution
		{820ABE9B-76DD-4511-9D00-A771401F7247}.Debug|Any CPU.ActiveCfg = Debug|Any CPU
		{820ABE9B-76DD-4511-9D00-A771401F7247}.Debug|Any CPU.Build.0 = Debug|Any CPU
		{820ABE9B-76DD-4511-9D00-A771401F7247}.Release|Any CPU.ActiveCfg = Release|Any CPU
		{820ABE9B-76DD-4511-9D00-A771401F7247}.Release|Any CPU.Build.0 = Release|Any CPU
		{ECC9C7E8-94BF-4253-82B3-EAC000C8054E}.Debug|Any CPU.ActiveCfg = Debug|Any CPU
		{ECC9C7E8-94BF-4253-82B3-EAC000C8054E}.Debug|Any CPU.Build.0 = Debug|Any CPU
		{ECC9C7E8-94BF-4253-82B3-EAC000C8054E}.Release|Any CPU.ActiveCfg = Release|Any CPU
		{ECC9C7E8-94BF-4253-82B3-EAC000C8054E}.Release|Any CPU.Build.0 = Release|Any CPU
		{87B5215E-7CE6-4111-BB64-A6EA5BE37716}.Debug|Any CPU.ActiveCfg = Debug|Any CPU
		{87B5215E-7CE6-4111-BB64-A6EA5BE37716}.Debug|Any CPU.Build.0 = Debug|Any CPU
		{87B5215E-7CE6-4111-BB64-A6EA5BE37716}.Release|Any CPU.ActiveCfg = Release|Any CPU
		{87B5215E-7CE6-4111-BB64-A6EA5BE37716}.Release|Any CPU.Build.0 = Release|Any CPU
		{A624C531-8E6D-43E9-9842-0EFC5F1BF18E}.Debug|Any CPU.ActiveCfg = Debug|Any CPU
		{A624C531-8E6D-43E9-9842-0EFC5F1BF18E}.Debug|Any CPU.Build.0 = Debug|Any CPU
		{A624C531-8E6D-43E9-9842-0EFC5F1BF18E}.Release|Any CPU.ActiveCfg = Release|Any CPU
		{A624C531-8E6D-43E9-9842-0EFC5F1BF18E}.Release|Any CPU.Build.0 = Release|Any CPU
		{3AD209E7-33C2-42A1-82D7-A5524CB6B942}.Debug|Any CPU.ActiveCfg = Debug|Any CPU
		{3AD209E7-33C2-42A1-82D7-A5524CB6B942}.Debug|Any CPU.Build.0 = Debug|Any CPU
		{3AD209E7-33C2-42A1-82D7-A5524CB6B942}.Release|Any CPU.ActiveCfg = Release|Any CPU
		{3AD209E7-33C2-42A1-82D7-A5524CB6B942}.Release|Any CPU.Build.0 = Release|Any CPU
		{68046975-2D4E-4B5F-937E-0873FBEBE86F}.Debug|Any CPU.ActiveCfg = Debug|Any CPU
		{68046975-2D4E-4B5F-937E-0873FBEBE86F}.Debug|Any CPU.Build.0 = Debug|Any CPU
		{68046975-2D4E-4B5F-937E-0873FBEBE86F}.Release|Any CPU.ActiveCfg = Release|Any CPU
		{68046975-2D4E-4B5F-937E-0873FBEBE86F}.Release|Any CPU.Build.0 = Release|Any CPU
		{A884BD52-871B-4AE3-951B-47E40D3AAD5D}.Debug|Any CPU.ActiveCfg = Debug|Any CPU
		{A884BD52-871B-4AE3-951B-47E40D3AAD5D}.Debug|Any CPU.Build.0 = Debug|Any CPU
		{A884BD52-871B-4AE3-951B-47E40D3AAD5D}.Release|Any CPU.ActiveCfg = Release|Any CPU
		{A884BD52-871B-4AE3-951B-47E40D3AAD5D}.Release|Any CPU.Build.0 = Release|Any CPU
		{BAFA313A-C010-4D15-A088-55555492D61F}.Debug|Any CPU.ActiveCfg = Debug|Any CPU
		{BAFA313A-C010-4D15-A088-55555492D61F}.Debug|Any CPU.Build.0 = Debug|Any CPU
		{BAFA313A-C010-4D15-A088-55555492D61F}.Release|Any CPU.ActiveCfg = Release|Any CPU
		{BAFA313A-C010-4D15-A088-55555492D61F}.Release|Any CPU.Build.0 = Release|Any CPU
	EndGlobalSection
	GlobalSection(SolutionProperties) = preSolution
		HideSolutionNode = FALSE
	EndGlobalSection
	GlobalSection(NestedProjects) = preSolution
		{820ABE9B-76DD-4511-9D00-A771401F7247} = {369C1DC7-98FD-4E1D-8D94-99617A468448}
		{369C1DC7-98FD-4E1D-8D94-99617A468448} = {FF8D4E8F-0876-426D-9B1C-2982CD0495EE}
		{A7CC3FA4-FE1D-460A-A5CC-E561919E68E5} = {FF8D4E8F-0876-426D-9B1C-2982CD0495EE}
		{ECC9C7E8-94BF-4253-82B3-EAC000C8054E} = {A7CC3FA4-FE1D-460A-A5CC-E561919E68E5}
		{87B5215E-7CE6-4111-BB64-A6EA5BE37716} = {A7CC3FA4-FE1D-460A-A5CC-E561919E68E5}
		{C0E9B483-83A3-41BB-A43F-9F4C080FD6D6} = {FF8D4E8F-0876-426D-9B1C-2982CD0495EE}
		{A624C531-8E6D-43E9-9842-0EFC5F1BF18E} = {C0E9B483-83A3-41BB-A43F-9F4C080FD6D6}
		{E577DE19-DCF2-40EA-9E2A-471F82466013} = {FF8D4E8F-0876-426D-9B1C-2982CD0495EE}
		{3AD209E7-33C2-42A1-82D7-A5524CB6B942} = {E577DE19-DCF2-40EA-9E2A-471F82466013}
		{68046975-2D4E-4B5F-937E-0873FBEBE86F} = {E577DE19-DCF2-40EA-9E2A-471F82466013}
		{EF03226C-2361-4ADF-AED6-36D0461BAC08} = {FF8D4E8F-0876-426D-9B1C-2982CD0495EE}
		{A884BD52-871B-4AE3-951B-47E40D3AAD5D} = {EF03226C-2361-4ADF-AED6-36D0461BAC08}
		{E7655DC2-2176-4378-8B31-2371251E36B3} = {FF8D4E8F-0876-426D-9B1C-2982CD0495EE}
		{BAFA313A-C010-4D15-A088-55555492D61F} = {E7655DC2-2176-4378-8B31-2371251E36B3}
	EndGlobalSection
	GlobalSection(ExtensibilityGlobals) = postSolution
		SolutionGuid = {8BEC6E2B-D492-44AC-9188-88379F8DEF2E}
	EndGlobalSection
EndGlobal
